
Microsoft Visual Studio Solution File, Format Version 12.00
# Visual Studio 15
VisualStudioVersion = 15.0.34526.175
MinimumVisualStudioVersion = 10.0.40219.1
Project("{8BC9CEB8-8B4A-11D0-8D11-00A0C91BC942}") = "DDServerBase", "DDServerBase\DDServerBase.vcxproj", "{89263FCE-2D7F-47EB-81C7-8ECA28E71677}"
EndProject
Project("{8BC9CEB8-8B4A-11D0-8D11-00A0C91BC942}") = "DDServerDB", "DDServerDB\DDServerDB.vcxproj", "{5EBC9E20-8287-4244-B63F-2F273274F618}"
EndProject
Global
	GlobalSection(SolutionConfigurationPlatforms) = preSolution
		Debug|x64 = Debug|x64
		Debug|x86 = Debug|x86
		Release|x64 = Release|x64
		Release|x86 = Release|x86
	EndGlobalSection
	GlobalSection(ProjectConfigurationPlatforms) = postSolution
		{89263FCE-2D7F-47EB-81C7-8ECA28E71677}.Debug|x64.ActiveCfg = Debug|x64
		{89263FCE-2D7F-47EB-81C7-8ECA28E71677}.Debug|x64.Build.0 = Debug|x64
		{89263FCE-2D7F-47EB-81C7-8ECA28E71677}.Debug|x86.ActiveCfg = Debug|Win32
		{89263FCE-2D7F-47EB-81C7-8ECA28E71677}.Debug|x86.Build.0 = Debug|Win32
		{89263FCE-2D7F-47EB-81C7-8ECA28E71677}.Release|x64.ActiveCfg = Release|x64
		{89263FCE-2D7F-47EB-81C7-8ECA28E71677}.Release|x64.Build.0 = Release|x64
		{89263FCE-2D7F-47EB-81C7-8ECA28E71677}.Release|x86.ActiveCfg = Release|Win32
		{89263FCE-2D7F-47EB-81C7-8ECA28E71677}.Release|x86.Build.0 = Release|Win32
		{5EBC9E20-8287-4244-B63F-2F273274F618}.Debug|x64.ActiveCfg = Debug|x64
		{5EBC9E20-8287-4244-B63F-2F273274F618}.Debug|x64.Build.0 = Debug|x64
		{5EBC9E20-8287-4244-B63F-2F273274F618}.Debug|x86.ActiveCfg = Debug|Win32
		{5EBC9E20-8287-4244-B63F-2F273274F618}.Debug|x86.Build.0 = Debug|Win32
		{5EBC9E20-8287-4244-B63F-2F273274F618}.Release|x64.ActiveCfg = Release|x64
		{5EBC9E20-8287-4244-B63F-2F273274F618}.Release|x64.Build.0 = Release|x64
		{5EBC9E20-8287-4244-B63F-2F273274F618}.Release|x86.ActiveCfg = Release|Win32
		{5EBC9E20-8287-4244-B63F-2F273274F618}.Release|x86.Build.0 = Release|Win32
	EndGlobalSection
	GlobalSection(SolutionProperties) = preSolution
		HideSolutionNode = FALSE
	EndGlobalSection
	GlobalSection(ExtensibilityGlobals) = postSolution
		SolutionGuid = {1BB35AAB-922A-4CA1-9204-43F619B74B3E}
	EndGlobalSection
EndGlobal
